
Microsoft Visual Studio Solution File, Format Version 12.00
# Visual Studio Version 16
VisualStudioVersion = 16.0.29306.81
MinimumVisualStudioVersion = 10.0.40219.1
Project("{9A19103F-16F7-4668-BE54-9A1E7A4F7556}") = "PUC.LDSI.ModuloProfessor", "PUC.LDSI.ModuloProfessor\PUC.LDSI.ModuloProfessor.csproj", "{C921893C-46F3-4E52-8763-D2372F3F692E}"
EndProject
Project("{9A19103F-16F7-4668-BE54-9A1E7A4F7556}") = "PUC.LDSI.Domain", "PUC.LDSI.Domain\PUC.LDSI.Domain.csproj", "{09DB9E8E-CC82-4D39-B0EA-A50A013C4BA2}"
EndProject
Project("{9A19103F-16F7-4668-BE54-9A1E7A4F7556}") = "PUC.LDSI.DataBase", "PUC.LDSI.Database\PUC.LDSI.DataBase.csproj", "{6AA51301-A46C-4028-88D1-6DA917AAB8E3}"
EndProject
Global
	GlobalSection(SolutionConfigurationPlatforms) = preSolution
		Debug|Any CPU = Debug|Any CPU
		Release|Any CPU = Release|Any CPU
	EndGlobalSection
	GlobalSection(ProjectConfigurationPlatforms) = postSolution
		{C921893C-46F3-4E52-8763-D2372F3F692E}.Debug|Any CPU.ActiveCfg = Debug|Any CPU
		{C921893C-46F3-4E52-8763-D2372F3F692E}.Debug|Any CPU.Build.0 = Debug|Any CPU
		{C921893C-46F3-4E52-8763-D2372F3F692E}.Release|Any CPU.ActiveCfg = Release|Any CPU
		{C921893C-46F3-4E52-8763-D2372F3F692E}.Release|Any CPU.Build.0 = Release|Any CPU
		{09DB9E8E-CC82-4D39-B0EA-A50A013C4BA2}.Debug|Any CPU.ActiveCfg = Debug|Any CPU
		{09DB9E8E-CC82-4D39-B0EA-A50A013C4BA2}.Debug|Any CPU.Build.0 = Debug|Any CPU
		{09DB9E8E-CC82-4D39-B0EA-A50A013C4BA2}.Release|Any CPU.ActiveCfg = Release|Any CPU
		{09DB9E8E-CC82-4D39-B0EA-A50A013C4BA2}.Release|Any CPU.Build.0 = Release|Any CPU
		{6AA51301-A46C-4028-88D1-6DA917AAB8E3}.Debug|Any CPU.ActiveCfg = Debug|Any CPU
		{6AA51301-A46C-4028-88D1-6DA917AAB8E3}.Debug|Any CPU.Build.0 = Debug|Any CPU
		{6AA51301-A46C-4028-88D1-6DA917AAB8E3}.Release|Any CPU.ActiveCfg = Release|Any CPU
		{6AA51301-A46C-4028-88D1-6DA917AAB8E3}.Release|Any CPU.Build.0 = Release|Any CPU
	EndGlobalSection
	GlobalSection(SolutionProperties) = preSolution
		HideSolutionNode = FALSE
	EndGlobalSection
	GlobalSection(ExtensibilityGlobals) = postSolution
		SolutionGuid = {0AA2DC5E-C9EB-4EFD-B633-1D877695EACB}
	EndGlobalSection
EndGlobal
